
Microsoft Visual Studio Solution File, Format Version 12.00
# Visual Studio 15
VisualStudioVersion = 15.0.28307.168
MinimumVisualStudioVersion = 10.0.40219.1
Project("{FAE04EC0-301F-11D3-BF4B-00C04F79EFBC}") = "test week", "test week\test week.csproj", "{B84DFFFD-2E02-40AC-8D6C-304E6B77B077}"
EndProject
Global
	GlobalSection(SolutionConfigurationPlatforms) = preSolution
		Debug|Any CPU = Debug|Any CPU
		Release|Any CPU = Release|Any CPU
	EndGlobalSection
	GlobalSection(ProjectConfigurationPlatforms) = postSolution
		{B84DFFFD-2E02-40AC-8D6C-304E6B77B077}.Debug|Any CPU.ActiveCfg = Debug|Any CPU
		{B84DFFFD-2E02-40AC-8D6C-304E6B77B077}.Debug|Any CPU.Build.0 = Debug|Any CPU
		{B84DFFFD-2E02-40AC-8D6C-304E6B77B077}.Release|Any CPU.ActiveCfg = Release|Any CPU
		{B84DFFFD-2E02-40AC-8D6C-304E6B77B077}.Release|Any CPU.Build.0 = Release|Any CPU
	EndGlobalSection
	GlobalSection(SolutionProperties) = preSolution
		HideSolutionNode = FALSE
	EndGlobalSection
	GlobalSection(ExtensibilityGlobals) = postSolution
		SolutionGuid = {8FD4E217-C977-4567-A9C5-820F39642772}
	EndGlobalSection
EndGlobal
